// !$*UTF8*$!
{
	archiveVersion = 1;
	classes = {
	};
	objectVersion = 46;
	objects = {

/* Begin PBXBuildFile section */
		B50EB12D19766FB2003E9CC3 /* Stack.swift in Sources */ = {isa = PBXBuildFile; fileRef = B50EB12619766FAF003E9CC3 /* Stack.swift */; };
		B50EB12E19766FB2003E9CC3 /* Stack.swift in Sources */ = {isa = PBXBuildFile; fileRef = B50EB12619766FAF003E9CC3 /* Stack.swift */; };
		B50EB12F19766FB3003E9CC3 /* Stack.swift in Sources */ = {isa = PBXBuildFile; fileRef = B50EB12619766FAF003E9CC3 /* Stack.swift */; };
		B5198DF4198A5D7E00053070 /* QueueSpeck.swift in Sources */ = {isa = PBXBuildFile; fileRef = B5198DF3198A5D7E00053070 /* QueueSpeck.swift */; };
		B5198DF6198A621400053070 /* ContainerSpeck.swift in Sources */ = {isa = PBXBuildFile; fileRef = B5198DF5198A621400053070 /* ContainerSpeck.swift */; };
		B55EEFEA198941AB00CADB58 /* StackSequence.swift in Sources */ = {isa = PBXBuildFile; fileRef = B5660F5B19767639007F3539 /* StackSequence.swift */; };
		B55EEFEB198941AB00CADB58 /* StackSequence.swift in Sources */ = {isa = PBXBuildFile; fileRef = B5660F5B19767639007F3539 /* StackSequence.swift */; };
		B55EEFEC198941AC00CADB58 /* StackSequence.swift in Sources */ = {isa = PBXBuildFile; fileRef = B5660F5B19767639007F3539 /* StackSequence.swift */; };
		B5660F47197672EB007F3539 /* main.swift in Sources */ = {isa = PBXBuildFile; fileRef = B5660F45197672EB007F3539 /* main.swift */; };
		B5660F48197672EB007F3539 /* StackSpeck.swift in Sources */ = {isa = PBXBuildFile; fileRef = B5660F46197672EB007F3539 /* StackSpeck.swift */; };
		B5660F4A1976732D007F3539 /* Sleipnir.framework in Frameworks */ = {isa = PBXBuildFile; fileRef = B5660F491976732D007F3539 /* Sleipnir.framework */; };
		B56AB580198F6449008422CB /* SwiftSugar.swift in Sources */ = {isa = PBXBuildFile; fileRef = B56AB577198F643D008422CB /* SwiftSugar.swift */; };
		B56AB581198F6449008422CB /* IntExtensions.swift in Sources */ = {isa = PBXBuildFile; fileRef = B56AB578198F643D008422CB /* IntExtensions.swift */; };
		B56AB582198F6449008422CB /* ArrayExtensions.swift in Sources */ = {isa = PBXBuildFile; fileRef = B56AB579198F643D008422CB /* ArrayExtensions.swift */; };
		B56AB583198F6449008422CB /* StringExtensions.swift in Sources */ = {isa = PBXBuildFile; fileRef = B56AB57A198F643D008422CB /* StringExtensions.swift */; };
		B56AB584198F6449008422CB /* SwiftSugar.swift in Sources */ = {isa = PBXBuildFile; fileRef = B56AB577198F643D008422CB /* SwiftSugar.swift */; };
		B56AB585198F6449008422CB /* IntExtensions.swift in Sources */ = {isa = PBXBuildFile; fileRef = B56AB578198F643D008422CB /* IntExtensions.swift */; };
		B56AB586198F6449008422CB /* ArrayExtensions.swift in Sources */ = {isa = PBXBuildFile; fileRef = B56AB579198F643D008422CB /* ArrayExtensions.swift */; };
		B56AB587198F6449008422CB /* StringExtensions.swift in Sources */ = {isa = PBXBuildFile; fileRef = B56AB57A198F643D008422CB /* StringExtensions.swift */; };
		B56AB588198F6536008422CB /* SwiftSugar.swift in Sources */ = {isa = PBXBuildFile; fileRef = B56AB577198F643D008422CB /* SwiftSugar.swift */; };
		B56AB589198F6536008422CB /* IntExtensions.swift in Sources */ = {isa = PBXBuildFile; fileRef = B56AB578198F643D008422CB /* IntExtensions.swift */; };
		B56AB58A198F6536008422CB /* ArrayExtensions.swift in Sources */ = {isa = PBXBuildFile; fileRef = B56AB579198F643D008422CB /* ArrayExtensions.swift */; };
		B56AB58B198F6536008422CB /* StringExtensions.swift in Sources */ = {isa = PBXBuildFile; fileRef = B56AB57A198F643D008422CB /* StringExtensions.swift */; };
		B57E58C8198F7E51004E7C09 /* ClassPrintable.swift in Sources */ = {isa = PBXBuildFile; fileRef = B57E58C7198F7E51004E7C09 /* ClassPrintable.swift */; };
		B57E58C9198F7E51004E7C09 /* ClassPrintable.swift in Sources */ = {isa = PBXBuildFile; fileRef = B57E58C7198F7E51004E7C09 /* ClassPrintable.swift */; };
		B57E58CA198F7E51004E7C09 /* ClassPrintable.swift in Sources */ = {isa = PBXBuildFile; fileRef = B57E58C7198F7E51004E7C09 /* ClassPrintable.swift */; };
		B5AE2E46198B894E00EDF37D /* List.swift in Sources */ = {isa = PBXBuildFile; fileRef = B5AE2E45198B894E00EDF37D /* List.swift */; };
		B5AE2E47198B894E00EDF37D /* List.swift in Sources */ = {isa = PBXBuildFile; fileRef = B5AE2E45198B894E00EDF37D /* List.swift */; };
		B5AE2E48198B894E00EDF37D /* List.swift in Sources */ = {isa = PBXBuildFile; fileRef = B5AE2E45198B894E00EDF37D /* List.swift */; };
		B5AE2E4A198BA1B700EDF37D /* ListSpeck.swift in Sources */ = {isa = PBXBuildFile; fileRef = B5AE2E49198BA1B700EDF37D /* ListSpeck.swift */; };
		B5BD48BB19768265001ECD50 /* SwiftiBricks-iOS.h in Headers */ = {isa = PBXBuildFile; fileRef = B50EB12919766FAF003E9CC3 /* SwiftiBricks-iOS.h */; };
		B5BD48BC1976826E001ECD50 /* SwiftiBricks-OSX.h in Headers */ = {isa = PBXBuildFile; fileRef = B50EB12C19766FAF003E9CC3 /* SwiftiBricks-OSX.h */; };
		B5C891C8198A202100B4372D /* Queue.swift in Sources */ = {isa = PBXBuildFile; fileRef = B5C891C7198A202100B4372D /* Queue.swift */; };
		B5C891C9198A202100B4372D /* Queue.swift in Sources */ = {isa = PBXBuildFile; fileRef = B5C891C7198A202100B4372D /* Queue.swift */; };
		B5C891CA198A202100B4372D /* Queue.swift in Sources */ = {isa = PBXBuildFile; fileRef = B5C891C7198A202100B4372D /* Queue.swift */; };
		B5C891CE198A295500B4372D /* Container.swift in Sources */ = {isa = PBXBuildFile; fileRef = B5C891CD198A295500B4372D /* Container.swift */; };
		B5C891CF198A295500B4372D /* Container.swift in Sources */ = {isa = PBXBuildFile; fileRef = B5C891CD198A295500B4372D /* Container.swift */; };
		B5C891D0198A295500B4372D /* Container.swift in Sources */ = {isa = PBXBuildFile; fileRef = B5C891CD198A295500B4372D /* Container.swift */; };
/* End PBXBuildFile section */

/* Begin PBXCopyFilesBuildPhase section */
		B59D0B6B1975816100FE3294 /* CopyFiles */ = {
			isa = PBXCopyFilesBuildPhase;
			buildActionMask = 2147483647;
			dstPath = /usr/share/man/man1/;
			dstSubfolderSpec = 0;
			files = (
			);
			runOnlyForDeploymentPostprocessing = 1;
		};
/* End PBXCopyFilesBuildPhase section */

/* Begin PBXFileReference section */
		B50EB0E319766DAE003E9CC3 /* SwiftiBricks.framework */ = {isa = PBXFileReference; explicitFileType = wrapper.framework; includeInIndex = 0; path = SwiftiBricks.framework; sourceTree = BUILT_PRODUCTS_DIR; };
		B50EB10919766E2D003E9CC3 /* SwiftiBricks.framework */ = {isa = PBXFileReference; explicitFileType = wrapper.framework; includeInIndex = 0; path = SwiftiBricks.framework; sourceTree = BUILT_PRODUCTS_DIR; };
		B50EB12619766FAF003E9CC3 /* Stack.swift */ = {isa = PBXFileReference; lastKnownFileType = sourcecode.swift; path = Stack.swift; sourceTree = "<group>"; };
		B50EB12819766FAF003E9CC3 /* Info.plist */ = {isa = PBXFileReference; lastKnownFileType = text.plist.xml; path = Info.plist; sourceTree = "<group>"; };
		B50EB12919766FAF003E9CC3 /* SwiftiBricks-iOS.h */ = {isa = PBXFileReference; lastKnownFileType = sourcecode.c.h; path = "SwiftiBricks-iOS.h"; sourceTree = "<group>"; };
		B50EB12B19766FAF003E9CC3 /* Info.plist */ = {isa = PBXFileReference; lastKnownFileType = text.plist.xml; path = Info.plist; sourceTree = "<group>"; };
		B50EB12C19766FAF003E9CC3 /* SwiftiBricks-OSX.h */ = {isa = PBXFileReference; lastKnownFileType = sourcecode.c.h; path = "SwiftiBricks-OSX.h"; sourceTree = "<group>"; };
		B5181FF719891C4600E7BAF5 /* MyPlayground.playground */ = {isa = PBXFileReference; lastKnownFileType = file.playground; path = MyPlayground.playground; sourceTree = "<group>"; };
		B5198DF3198A5D7E00053070 /* QueueSpeck.swift */ = {isa = PBXFileReference; fileEncoding = 4; lastKnownFileType = sourcecode.swift; path = QueueSpeck.swift; sourceTree = "<group>"; };
		B5198DF5198A621400053070 /* ContainerSpeck.swift */ = {isa = PBXFileReference; fileEncoding = 4; lastKnownFileType = sourcecode.swift; path = ContainerSpeck.swift; sourceTree = "<group>"; };
		B5660F45197672EB007F3539 /* main.swift */ = {isa = PBXFileReference; fileEncoding = 4; lastKnownFileType = sourcecode.swift; path = main.swift; sourceTree = "<group>"; };
		B5660F46197672EB007F3539 /* StackSpeck.swift */ = {isa = PBXFileReference; fileEncoding = 4; lastKnownFileType = sourcecode.swift; path = StackSpeck.swift; sourceTree = "<group>"; };
		B5660F491976732D007F3539 /* Sleipnir.framework */ = {isa = PBXFileReference; lastKnownFileType = wrapper.framework; name = Sleipnir.framework; path = "../DerivedData/Swift-Bricks/Build/Products/Debug/Sleipnir.framework"; sourceTree = "<group>"; };
		B5660F5B19767639007F3539 /* StackSequence.swift */ = {isa = PBXFileReference; fileEncoding = 4; lastKnownFileType = sourcecode.swift; path = StackSequence.swift; sourceTree = "<group>"; };
		B56AB577198F643D008422CB /* SwiftSugar.swift */ = {isa = PBXFileReference; fileEncoding = 4; lastKnownFileType = sourcecode.swift; path = SwiftSugar.swift; sourceTree = "<group>"; };
		B56AB578198F643D008422CB /* IntExtensions.swift */ = {isa = PBXFileReference; fileEncoding = 4; lastKnownFileType = sourcecode.swift; path = IntExtensions.swift; sourceTree = "<group>"; };
		B56AB579198F643D008422CB /* ArrayExtensions.swift */ = {isa = PBXFileReference; fileEncoding = 4; lastKnownFileType = sourcecode.swift; path = ArrayExtensions.swift; sourceTree = "<group>"; };
		B56AB57A198F643D008422CB /* StringExtensions.swift */ = {isa = PBXFileReference; fileEncoding = 4; lastKnownFileType = sourcecode.swift; path = StringExtensions.swift; sourceTree = "<group>"; };
		B57E58C7198F7E51004E7C09 /* ClassPrintable.swift */ = {isa = PBXFileReference; fileEncoding = 4; lastKnownFileType = sourcecode.swift; path = ClassPrintable.swift; sourceTree = "<group>"; };
		B59D0B6D1975816100FE3294 /* SwiftiBricksTest */ = {isa = PBXFileReference; explicitFileType = "compiled.mach-o.executable"; includeInIndex = 0; path = SwiftiBricksTest; sourceTree = BUILT_PRODUCTS_DIR; };
		B5AE2E45198B894E00EDF37D /* List.swift */ = {isa = PBXFileReference; fileEncoding = 4; lastKnownFileType = sourcecode.swift; path = List.swift; sourceTree = "<group>"; };
		B5AE2E49198BA1B700EDF37D /* ListSpeck.swift */ = {isa = PBXFileReference; fileEncoding = 4; lastKnownFileType = sourcecode.swift; path = ListSpeck.swift; sourceTree = "<group>"; };
		B5C891C7198A202100B4372D /* Queue.swift */ = {isa = PBXFileReference; fileEncoding = 4; lastKnownFileType = sourcecode.swift; path = Queue.swift; sourceTree = "<group>"; };
		B5C891CD198A295500B4372D /* Container.swift */ = {isa = PBXFileReference; fileEncoding = 4; lastKnownFileType = sourcecode.swift; path = Container.swift; sourceTree = "<group>"; };
/* End PBXFileReference section */

/* Begin PBXFrameworksBuildPhase section */
		B50EB0DF19766DAE003E9CC3 /* Frameworks */ = {
			isa = PBXFrameworksBuildPhase;
			buildActionMask = 2147483647;
			files = (
			);
			runOnlyForDeploymentPostprocessing = 0;
		};
		B50EB10519766E2D003E9CC3 /* Frameworks */ = {
			isa = PBXFrameworksBuildPhase;
			buildActionMask = 2147483647;
			files = (
			);
			runOnlyForDeploymentPostprocessing = 0;
		};
		B59D0B6A1975816100FE3294 /* Frameworks */ = {
			isa = PBXFrameworksBuildPhase;
			buildActionMask = 2147483647;
			files = (
				B5660F4A1976732D007F3539 /* Sleipnir.framework in Frameworks */,
			);
			runOnlyForDeploymentPostprocessing = 0;
		};
/* End PBXFrameworksBuildPhase section */

/* Begin PBXGroup section */
		B50EB12519766FAF003E9CC3 /* SwiftiBricks */ = {
			isa = PBXGroup;
			children = (
				B5C891C7198A202100B4372D /* Queue.swift */,
				B5AE2E45198B894E00EDF37D /* List.swift */,
				B50EB12619766FAF003E9CC3 /* Stack.swift */,
				B5660F5B19767639007F3539 /* StackSequence.swift */,
				B5C891CD198A295500B4372D /* Container.swift */,
			);
			path = SwiftiBricks;
			sourceTree = "<group>";
		};
		B50EB12719766FAF003E9CC3 /* SwiftiBricks-iOS */ = {
			isa = PBXGroup;
			children = (
				B50EB12819766FAF003E9CC3 /* Info.plist */,
				B50EB12919766FAF003E9CC3 /* SwiftiBricks-iOS.h */,
			);
			path = "SwiftiBricks-iOS";
			sourceTree = "<group>";
		};
		B50EB12A19766FAF003E9CC3 /* SwiftiBricks-OSX */ = {
			isa = PBXGroup;
			children = (
				B50EB12B19766FAF003E9CC3 /* Info.plist */,
				B50EB12C19766FAF003E9CC3 /* SwiftiBricks-OSX.h */,
			);
			path = "SwiftiBricks-OSX";
			sourceTree = "<group>";
		};
		B5660F44197672EB007F3539 /* Test */ = {
			isa = PBXGroup;
			children = (
				B5660F45197672EB007F3539 /* main.swift */,
				B5660F46197672EB007F3539 /* StackSpeck.swift */,
				B5AE2E49198BA1B700EDF37D /* ListSpeck.swift */,
				B5198DF3198A5D7E00053070 /* QueueSpeck.swift */,
				B5198DF5198A621400053070 /* ContainerSpeck.swift */,
			);
			path = Test;
			sourceTree = "<group>";
		};
		B56AB57B198F643D008422CB /* SwiftSugar */ = {
			isa = PBXGroup;
			children = (
				B56AB577198F643D008422CB /* SwiftSugar.swift */,
				B56AB578198F643D008422CB /* IntExtensions.swift */,
				B56AB579198F643D008422CB /* ArrayExtensions.swift */,
				B56AB57A198F643D008422CB /* StringExtensions.swift */,
				B57E58C7198F7E51004E7C09 /* ClassPrintable.swift */,
			);
			name = SwiftSugar;
			path = "../../../../Work/Pods/Swift-Sugar/SwiftSugar/SwiftSugar";
			sourceTree = "<group>";
		};
		B5A560FE1974823A002B1CEC = {
			isa = PBXGroup;
			children = (
				B56AB57B198F643D008422CB /* SwiftSugar */,
				B5AD65191989459D00126A5F /* Franeworks */,
				B5181FF719891C4600E7BAF5 /* MyPlayground.playground */,
				B50EB12519766FAF003E9CC3 /* SwiftiBricks */,
				B5660F44197672EB007F3539 /* Test */,
				B50EB12719766FAF003E9CC3 /* SwiftiBricks-iOS */,
				B50EB12A19766FAF003E9CC3 /* SwiftiBricks-OSX */,
				B5A561091974823A002B1CEC /* Products */,
			);
			sourceTree = "<group>";
		};
		B5A561091974823A002B1CEC /* Products */ = {
			isa = PBXGroup;
			children = (
				B59D0B6D1975816100FE3294 /* SwiftiBricksTest */,
				B50EB0E319766DAE003E9CC3 /* SwiftiBricks.framework */,
				B50EB10919766E2D003E9CC3 /* SwiftiBricks.framework */,
			);
			name = Products;
			sourceTree = "<group>";
		};
		B5AD65191989459D00126A5F /* Franeworks */ = {
			isa = PBXGroup;
			children = (
				B5660F491976732D007F3539 /* Sleipnir.framework */,
			);
			name = Franeworks;
			sourceTree = "<group>";
		};
/* End PBXGroup section */

/* Begin PBXHeadersBuildPhase section */
		B50EB0E019766DAE003E9CC3 /* Headers */ = {
			isa = PBXHeadersBuildPhase;
			buildActionMask = 2147483647;
			files = (
				B5BD48BB19768265001ECD50 /* SwiftiBricks-iOS.h in Headers */,
			);
			runOnlyForDeploymentPostprocessing = 0;
		};
		B50EB10619766E2D003E9CC3 /* Headers */ = {
			isa = PBXHeadersBuildPhase;
			buildActionMask = 2147483647;
			files = (
				B5BD48BC1976826E001ECD50 /* SwiftiBricks-OSX.h in Headers */,
			);
			runOnlyForDeploymentPostprocessing = 0;
		};
/* End PBXHeadersBuildPhase section */

/* Begin PBXNativeTarget section */
		B50EB0E219766DAE003E9CC3 /* SwiftiBricks-iOS */ = {
			isa = PBXNativeTarget;
			buildConfigurationList = B50EB0F619766DAE003E9CC3 /* Build configuration list for PBXNativeTarget "SwiftiBricks-iOS" */;
			buildPhases = (
				B50EB0DE19766DAE003E9CC3 /* Sources */,
				B50EB0DF19766DAE003E9CC3 /* Frameworks */,
				B50EB0E019766DAE003E9CC3 /* Headers */,
				B50EB0E119766DAE003E9CC3 /* Resources */,
			);
			buildRules = (
			);
			dependencies = (
			);
			name = "SwiftiBricks-iOS";
			productName = "SwiftiBricks-iOS";
			productReference = B50EB0E319766DAE003E9CC3 /* SwiftiBricks.framework */;
			productType = "com.apple.product-type.framework";
		};
		B50EB10819766E2D003E9CC3 /* SwiftiBricks-OSX */ = {
			isa = PBXNativeTarget;
			buildConfigurationList = B50EB11C19766E2E003E9CC3 /* Build configuration list for PBXNativeTarget "SwiftiBricks-OSX" */;
			buildPhases = (
				B50EB10419766E2D003E9CC3 /* Sources */,
				B50EB10519766E2D003E9CC3 /* Frameworks */,
				B50EB10619766E2D003E9CC3 /* Headers */,
				B50EB10719766E2D003E9CC3 /* Resources */,
			);
			buildRules = (
			);
			dependencies = (
			);
			name = "SwiftiBricks-OSX";
			productName = "SwiftiBricks-OSX";
			productReference = B50EB10919766E2D003E9CC3 /* SwiftiBricks.framework */;
			productType = "com.apple.product-type.framework";
		};
		B59D0B6C1975816100FE3294 /* SwiftiBricksTest */ = {
			isa = PBXNativeTarget;
			buildConfigurationList = B59D0B731975816100FE3294 /* Build configuration list for PBXNativeTarget "SwiftiBricksTest" */;
			buildPhases = (
				B59D0B691975816100FE3294 /* Sources */,
				B59D0B6A1975816100FE3294 /* Frameworks */,
				B59D0B6B1975816100FE3294 /* CopyFiles */,
			);
			buildRules = (
			);
			dependencies = (
			);
			name = SwiftiBricksTest;
			productName = "Swift-BricksTest";
			productReference = B59D0B6D1975816100FE3294 /* SwiftiBricksTest */;
			productType = "com.apple.product-type.tool";
		};
/* End PBXNativeTarget section */

/* Begin PBXProject section */
		B5A560FF1974823A002B1CEC /* Project object */ = {
			isa = PBXProject;
			attributes = {
				LastUpgradeCheck = 0600;
				ORGANIZATIONNAME = "Konstantin Koval";
				TargetAttributes = {
					B50EB0E219766DAE003E9CC3 = {
						CreatedOnToolsVersion = 6.0;
						DevelopmentTeam = VF2L8ZYHK8;
					};
					B50EB10819766E2D003E9CC3 = {
						CreatedOnToolsVersion = 6.0;
					};
					B59D0B6C1975816100FE3294 = {
						CreatedOnToolsVersion = 6.0;
					};
				};
			};
			buildConfigurationList = B5A561021974823A002B1CEC /* Build configuration list for PBXProject "SwiftiBricks" */;
			compatibilityVersion = "Xcode 3.2";
			developmentRegion = English;
			hasScannedForEncodings = 0;
			knownRegions = (
				en,
			);
			mainGroup = B5A560FE1974823A002B1CEC;
			productRefGroup = B5A561091974823A002B1CEC /* Products */;
			projectDirPath = "";
			projectRoot = "";
			targets = (
				B59D0B6C1975816100FE3294 /* SwiftiBricksTest */,
				B50EB0E219766DAE003E9CC3 /* SwiftiBricks-iOS */,
				B50EB10819766E2D003E9CC3 /* SwiftiBricks-OSX */,
			);
		};
/* End PBXProject section */

/* Begin PBXResourcesBuildPhase section */
		B50EB0E119766DAE003E9CC3 /* Resources */ = {
			isa = PBXResourcesBuildPhase;
			buildActionMask = 2147483647;
			files = (
			);
			runOnlyForDeploymentPostprocessing = 0;
		};
		B50EB10719766E2D003E9CC3 /* Resources */ = {
			isa = PBXResourcesBuildPhase;
			buildActionMask = 2147483647;
			files = (
			);
			runOnlyForDeploymentPostprocessing = 0;
		};
/* End PBXResourcesBuildPhase section */

/* Begin PBXSourcesBuildPhase section */
		B50EB0DE19766DAE003E9CC3 /* Sources */ = {
			isa = PBXSourcesBuildPhase;
			buildActionMask = 2147483647;
			files = (
				B56AB581198F6449008422CB /* IntExtensions.swift in Sources */,
				B56AB580198F6449008422CB /* SwiftSugar.swift in Sources */,
				B57E58C9198F7E51004E7C09 /* ClassPrintable.swift in Sources */,
				B50EB12D19766FB2003E9CC3 /* Stack.swift in Sources */,
				B56AB583198F6449008422CB /* StringExtensions.swift in Sources */,
				B5C891CF198A295500B4372D /* Container.swift in Sources */,
				B5C891C9198A202100B4372D /* Queue.swift in Sources */,
				B55EEFEA198941AB00CADB58 /* StackSequence.swift in Sources */,
				B5AE2E47198B894E00EDF37D /* List.swift in Sources */,
				B56AB582198F6449008422CB /* ArrayExtensions.swift in Sources */,
			);
			runOnlyForDeploymentPostprocessing = 0;
		};
		B50EB10419766E2D003E9CC3 /* Sources */ = {
			isa = PBXSourcesBuildPhase;
			buildActionMask = 2147483647;
			files = (
				B56AB585198F6449008422CB /* IntExtensions.swift in Sources */,
				B56AB584198F6449008422CB /* SwiftSugar.swift in Sources */,
				B57E58CA198F7E51004E7C09 /* ClassPrintable.swift in Sources */,
				B50EB12E19766FB2003E9CC3 /* Stack.swift in Sources */,
				B56AB587198F6449008422CB /* StringExtensions.swift in Sources */,
				B5C891D0198A295500B4372D /* Container.swift in Sources */,
				B5C891CA198A202100B4372D /* Queue.swift in Sources */,
				B55EEFEB198941AB00CADB58 /* StackSequence.swift in Sources */,
				B5AE2E48198B894E00EDF37D /* List.swift in Sources */,
				B56AB586198F6449008422CB /* ArrayExtensions.swift in Sources */,
			);
			runOnlyForDeploymentPostprocessing = 0;
		};
		B59D0B691975816100FE3294 /* Sources */ = {
			isa = PBXSourcesBuildPhase;
			buildActionMask = 2147483647;
			files = (
				B56AB58A198F6536008422CB /* ArrayExtensions.swift in Sources */,
				B5198DF6198A621400053070 /* ContainerSpeck.swift in Sources */,
				B57E58C8198F7E51004E7C09 /* ClassPrintable.swift in Sources */,
				B5C891C8198A202100B4372D /* Queue.swift in Sources */,
				B56AB588198F6536008422CB /* SwiftSugar.swift in Sources */,
				B5C891CE198A295500B4372D /* Container.swift in Sources */,
				B5AE2E46198B894E00EDF37D /* List.swift in Sources */,
				B5660F48197672EB007F3539 /* StackSpeck.swift in Sources */,
				B55EEFEC198941AC00CADB58 /* StackSequence.swift in Sources */,
				B5660F47197672EB007F3539 /* main.swift in Sources */,
				B5198DF4198A5D7E00053070 /* QueueSpeck.swift in Sources */,
				B56AB58B198F6536008422CB /* StringExtensions.swift in Sources */,
				B56AB589198F6536008422CB /* IntExtensions.swift in Sources */,
				B5AE2E4A198BA1B700EDF37D /* ListSpeck.swift in Sources */,
				B50EB12F19766FB3003E9CC3 /* Stack.swift in Sources */,
			);
			runOnlyForDeploymentPostprocessing = 0;
		};
/* End PBXSourcesBuildPhase section */

/* Begin XCBuildConfiguration section */
		B50EB0F719766DAE003E9CC3 /* Debug */ = {
			isa = XCBuildConfiguration;
			buildSettings = {
				CODE_SIGN_IDENTITY = "iPhone Developer";
				DEFINES_MODULE = YES;
				DYLIB_COMPATIBILITY_VERSION = 1;
				DYLIB_CURRENT_VERSION = 1;
				DYLIB_INSTALL_NAME_BASE = "@rpath";
				FRAMEWORK_SEARCH_PATHS = (
					"$(inherited)",
					"/Users/konstantin/Work/Pods/Swift-Sugar/SwiftSugar/build/Debug-iphoneos",
					"/Users/konstantin/My_Projects/Swift/Swifti-Bricks/DerivedData/Swift-Bricks/Build/Products/Debug-iphoneos",
				);
				GCC_PREPROCESSOR_DEFINITIONS = (
					"DEBUG=1",
					"$(inherited)",
				);
				INFOPLIST_FILE = "SwiftiBricks-iOS/Info.plist";
				INSTALL_PATH = "$(LOCAL_LIBRARY_DIR)/Frameworks";
				IPHONEOS_DEPLOYMENT_TARGET = 8.0;
				LD_RUNPATH_SEARCH_PATHS = "$(inherited) @executable_path/Frameworks @loader_path/Frameworks";
				PRODUCT_MODULE_NAME = SwiftiBricks;
				PRODUCT_NAME = SwiftiBricks;
				SKIP_INSTALL = YES;
			};
			name = Debug;
		};
		B50EB0F819766DAE003E9CC3 /* Release */ = {
			isa = XCBuildConfiguration;
			buildSettings = {
				CODE_SIGN_IDENTITY = "iPhone Developer";
				DEFINES_MODULE = YES;
				DYLIB_COMPATIBILITY_VERSION = 1;
				DYLIB_CURRENT_VERSION = 1;
				DYLIB_INSTALL_NAME_BASE = "@rpath";
				FRAMEWORK_SEARCH_PATHS = (
					"$(inherited)",
					"/Users/konstantin/Work/Pods/Swift-Sugar/SwiftSugar/build/Debug-iphoneos",
					"/Users/konstantin/My_Projects/Swift/Swifti-Bricks/DerivedData/Swift-Bricks/Build/Products/Debug-iphoneos",
				);
				INFOPLIST_FILE = "SwiftiBricks-iOS/Info.plist";
				INSTALL_PATH = "$(LOCAL_LIBRARY_DIR)/Frameworks";
				IPHONEOS_DEPLOYMENT_TARGET = 8.0;
				LD_RUNPATH_SEARCH_PATHS = "$(inherited) @executable_path/Frameworks @loader_path/Frameworks";
				PRODUCT_MODULE_NAME = SwiftiBricks;
				PRODUCT_NAME = SwiftiBricks;
				SKIP_INSTALL = YES;
			};
			name = Release;
		};
		B50EB11D19766E2E003E9CC3 /* Debug */ = {
			isa = XCBuildConfiguration;
			buildSettings = {
				COMBINE_HIDPI_IMAGES = YES;
				DEFINES_MODULE = YES;
				DYLIB_COMPATIBILITY_VERSION = 1;
				DYLIB_CURRENT_VERSION = 1;
				DYLIB_INSTALL_NAME_BASE = "@rpath";
				FRAMEWORK_SEARCH_PATHS = (
					"$(inherited)",
					"/Users/konstantin/Work/Pods/Swift-Sugar/SwiftSugar/build/Debug",
					"/Users/konstantin/My_Projects/Swift/Swifti-Bricks/DerivedData/Swift-Bricks/Build/Products/Debug-iphoneos",
					"/Users/konstantin/Work/Pods/Swift-Sugar/SwiftSugar/build/Release",
				);
				FRAMEWORK_VERSION = A;
				GCC_PREPROCESSOR_DEFINITIONS = (
					"DEBUG=1",
					"$(inherited)",
				);
				INFOPLIST_FILE = "SwiftiBricks-OSX/Info.plist";
				INSTALL_PATH = "$(LOCAL_LIBRARY_DIR)/Frameworks";
				LD_RUNPATH_SEARCH_PATHS = "$(inherited) @executable_path/../Frameworks @loader_path/Frameworks";
				MACOSX_DEPLOYMENT_TARGET = 10.9;
				PRODUCT_MODULE_NAME = SwiftiBricks;
				PRODUCT_NAME = SwiftiBricks;
				SDKROOT = macosx;
				SKIP_INSTALL = YES;
			};
			name = Debug;
		};
		B50EB11E19766E2E003E9CC3 /* Release */ = {
			isa = XCBuildConfiguration;
			buildSettings = {
				COMBINE_HIDPI_IMAGES = YES;
				DEBUG_INFORMATION_FORMAT = "dwarf-with-dsym";
				DEFINES_MODULE = YES;
				DYLIB_COMPATIBILITY_VERSION = 1;
				DYLIB_CURRENT_VERSION = 1;
				DYLIB_INSTALL_NAME_BASE = "@rpath";
				FRAMEWORK_SEARCH_PATHS = (
					"$(inherited)",
					"/Users/konstantin/Work/Pods/Swift-Sugar/SwiftSugar/build/Debug",
					"/Users/konstantin/My_Projects/Swift/Swifti-Bricks/DerivedData/Swift-Bricks/Build/Products/Debug-iphoneos",
					"/Users/konstantin/Work/Pods/Swift-Sugar/SwiftSugar/build/Release",
				);
				FRAMEWORK_VERSION = A;
				INFOPLIST_FILE = "SwiftiBricks-OSX/Info.plist";
				INSTALL_PATH = "$(LOCAL_LIBRARY_DIR)/Frameworks";
				LD_RUNPATH_SEARCH_PATHS = "$(inherited) @executable_path/../Frameworks @loader_path/Frameworks";
				MACOSX_DEPLOYMENT_TARGET = 10.9;
				PRODUCT_MODULE_NAME = SwiftiBricks;
				PRODUCT_NAME = SwiftiBricks;
				SDKROOT = macosx;
				SKIP_INSTALL = YES;
			};
			name = Release;
		};
		B59D0B711975816100FE3294 /* Debug */ = {
			isa = XCBuildConfiguration;
			buildSettings = {
				FRAMEWORK_SEARCH_PATHS = (
					"$(inherited)",
					"$(PROJECT_DIR)/DerivedData/Swift-Bricks/Build/Products/Debug",
					"/Users/konstantin/My_Projects/Swift/Swifti-Bricks/DerivedData/Swift-Bricks/Build/Products/Debug",
					"/Users/konstantin/Work/Pods/Swift-Sugar/SwiftSugar/build/Debug",
				);
				GCC_PREPROCESSOR_DEFINITIONS = (
					"DEBUG=1",
					"$(inherited)",
				);
				MACOSX_DEPLOYMENT_TARGET = 10.9;
				PRODUCT_NAME = SwiftiBricksTest;
				SDKROOT = macosx;
			};
			name = Debug;
		};
		B59D0B721975816100FE3294 /* Release */ = {
			isa = XCBuildConfiguration;
			buildSettings = {
				DEBUG_INFORMATION_FORMAT = "dwarf-with-dsym";
				FRAMEWORK_SEARCH_PATHS = (
					"$(inherited)",
					"$(PROJECT_DIR)/DerivedData/Swift-Bricks/Build/Products/Debug",
					"/Users/konstantin/My_Projects/Swift/Swifti-Bricks/DerivedData/Swift-Bricks/Build/Products/Debug",
					"/Users/konstantin/Work/Pods/Swift-Sugar/SwiftSugar/build/Debug",
				);
				MACOSX_DEPLOYMENT_TARGET = 10.9;
				PRODUCT_NAME = SwiftiBricksTest;
				SDKROOT = macosx;
			};
			name = Release;
		};
		B5A5611C1974823A002B1CEC /* Debug */ = {
			isa = XCBuildConfiguration;
			buildSettings = {
				ALWAYS_SEARCH_USER_PATHS = NO;
				CLANG_CXX_LANGUAGE_STANDARD = "gnu++0x";
				CLANG_CXX_LIBRARY = "libc++";
				CLANG_ENABLE_MODULES = YES;
				CLANG_ENABLE_OBJC_ARC = YES;
				CLANG_WARN_BOOL_CONVERSION = YES;
				CLANG_WARN_CONSTANT_CONVERSION = YES;
				CLANG_WARN_DIRECT_OBJC_ISA_USAGE = YES_ERROR;
				CLANG_WARN_EMPTY_BODY = YES;
				CLANG_WARN_ENUM_CONVERSION = YES;
				CLANG_WARN_INT_CONVERSION = YES;
				CLANG_WARN_OBJC_ROOT_CLASS = YES_ERROR;
				CLANG_WARN_UNREACHABLE_CODE = YES;
				CLANG_WARN__DUPLICATE_METHOD_MATCH = YES;
				"CODE_SIGN_IDENTITY[sdk=iphoneos*]" = "iPhone Developer";
				COPY_PHASE_STRIP = NO;
				CURRENT_PROJECT_VERSION = 1;
				ENABLE_STRICT_OBJC_MSGSEND = YES;
				GCC_C_LANGUAGE_STANDARD = gnu99;
				GCC_DYNAMIC_NO_PIC = NO;
				GCC_OPTIMIZATION_LEVEL = 0;
				GCC_PREPROCESSOR_DEFINITIONS = (
					"DEBUG=1",
					"$(inherited)",
				);
				GCC_SYMBOLS_PRIVATE_EXTERN = NO;
				GCC_WARN_64_TO_32_BIT_CONVERSION = YES;
				GCC_WARN_ABOUT_RETURN_TYPE = YES_ERROR;
				GCC_WARN_UNDECLARED_SELECTOR = YES;
				GCC_WARN_UNINITIALIZED_AUTOS = YES_AGGRESSIVE;
				GCC_WARN_UNUSED_FUNCTION = YES;
				GCC_WARN_UNUSED_VARIABLE = YES;
				IPHONEOS_DEPLOYMENT_TARGET = 7.1;
				MTL_ENABLE_DEBUG_INFO = YES;
				ONLY_ACTIVE_ARCH = YES;
				SDKROOT = iphoneos;
				SWIFT_OPTIMIZATION_LEVEL = "-Onone";
				TARGETED_DEVICE_FAMILY = "1,2";
				VERSIONING_SYSTEM = "apple-generic";
				VERSION_INFO_PREFIX = "";
			};
			name = Debug;
		};
		B5A5611D1974823A002B1CEC /* Release */ = {
			isa = XCBuildConfiguration;
			buildSettings = {
				ALWAYS_SEARCH_USER_PATHS = NO;
				CLANG_CXX_LANGUAGE_STANDARD = "gnu++0x";
				CLANG_CXX_LIBRARY = "libc++";
				CLANG_ENABLE_MODULES = YES;
				CLANG_ENABLE_OBJC_ARC = YES;
				CLANG_WARN_BOOL_CONVERSION = YES;
				CLANG_WARN_CONSTANT_CONVERSION = YES;
				CLANG_WARN_DIRECT_OBJC_ISA_USAGE = YES_ERROR;
				CLANG_WARN_EMPTY_BODY = YES;
				CLANG_WARN_ENUM_CONVERSION = YES;
				CLANG_WARN_INT_CONVERSION = YES;
				CLANG_WARN_OBJC_ROOT_CLASS = YES_ERROR;
				CLANG_WARN_UNREACHABLE_CODE = YES;
				CLANG_WARN__DUPLICATE_METHOD_MATCH = YES;
				"CODE_SIGN_IDENTITY[sdk=iphoneos*]" = "iPhone Developer";
				COPY_PHASE_STRIP = YES;
				CURRENT_PROJECT_VERSION = 1;
				ENABLE_NS_ASSERTIONS = NO;
				ENABLE_STRICT_OBJC_MSGSEND = YES;
				GCC_C_LANGUAGE_STANDARD = gnu99;
				GCC_WARN_64_TO_32_BIT_CONVERSION = YES;
				GCC_WARN_ABOUT_RETURN_TYPE = YES_ERROR;
				GCC_WARN_UNDECLARED_SELECTOR = YES;
				GCC_WARN_UNINITIALIZED_AUTOS = YES_AGGRESSIVE;
				GCC_WARN_UNUSED_FUNCTION = YES;
				GCC_WARN_UNUSED_VARIABLE = YES;
				IPHONEOS_DEPLOYMENT_TARGET = 7.1;
				MTL_ENABLE_DEBUG_INFO = NO;
				SDKROOT = iphoneos;
				TARGETED_DEVICE_FAMILY = "1,2";
				VALIDATE_PRODUCT = YES;
				VERSIONING_SYSTEM = "apple-generic";
				VERSION_INFO_PREFIX = "";
			};
			name = Release;
		};
/* End XCBuildConfiguration section */

/* Begin XCConfigurationList section */
		B50EB0F619766DAE003E9CC3 /* Build configuration list for PBXNativeTarget "SwiftiBricks-iOS" */ = {
			isa = XCConfigurationList;
			buildConfigurations = (
				B50EB0F719766DAE003E9CC3 /* Debug */,
				B50EB0F819766DAE003E9CC3 /* Release */,
			);
			defaultConfigurationIsVisible = 0;
			defaultConfigurationName = Release;
		};
		B50EB11C19766E2E003E9CC3 /* Build configuration list for PBXNativeTarget "SwiftiBricks-OSX" */ = {
			isa = XCConfigurationList;
			buildConfigurations = (
				B50EB11D19766E2E003E9CC3 /* Debug */,
				B50EB11E19766E2E003E9CC3 /* Release */,
			);
			defaultConfigurationIsVisible = 0;
			defaultConfigurationName = Release;
		};
		B59D0B731975816100FE3294 /* Build configuration list for PBXNativeTarget "SwiftiBricksTest" */ = {
			isa = XCConfigurationList;
			buildConfigurations = (
				B59D0B711975816100FE3294 /* Debug */,
				B59D0B721975816100FE3294 /* Release */,
			);
			defaultConfigurationIsVisible = 0;
			defaultConfigurationName = Release;
		};
		B5A561021974823A002B1CEC /* Build configuration list for PBXProject "SwiftiBricks" */ = {
			isa = XCConfigurationList;
			buildConfigurations = (
				B5A5611C1974823A002B1CEC /* Debug */,
				B5A5611D1974823A002B1CEC /* Release */,
			);
			defaultConfigurationIsVisible = 0;
			defaultConfigurationName = Release;
		};
/* End XCConfigurationList section */
	};
	rootObject = B5A560FF1974823A002B1CEC /* Project object */;
}
