// !$*UTF8*$!
{
	archiveVersion = 1;
	classes = {
	};
	objectVersion = 46;
	objects = {

/* Begin PBXBuildFile section */
		B525A1B0198A923F0034796A /* SwiftiBricks.framework in Frameworks */ = {isa = PBXBuildFile; fileRef = B525A1AF198A923F0034796A /* SwiftiBricks.framework */; };
		B5660F56197674C1007F3539 /* main.swift in Sources */ = {isa = PBXBuildFile; fileRef = B5660F55197674C0007F3539 /* main.swift */; };
		B5660F5A1976759C007F3539 /* StackExample.swift in Sources */ = {isa = PBXBuildFile; fileRef = B555131019765F19001B21A1 /* StackExample.swift */; };
		B5AE2E4E198BC51300EDF37D /* ListExample.swift in Sources */ = {isa = PBXBuildFile; fileRef = B5AE2E4D198BC51300EDF37D /* ListExample.swift */; };
/* End PBXBuildFile section */

/* Begin PBXCopyFilesBuildPhase section */
		B5660F51197674C0007F3539 /* CopyFiles */ = {
			isa = PBXCopyFilesBuildPhase;
			buildActionMask = 2147483647;
			dstPath = /usr/share/man/man1/;
			dstSubfolderSpec = 0;
			files = (
			);
			runOnlyForDeploymentPostprocessing = 1;
		};
/* End PBXCopyFilesBuildPhase section */

/* Begin PBXFileReference section */
		B525A1AF198A923F0034796A /* SwiftiBricks.framework */ = {isa = PBXFileReference; lastKnownFileType = wrapper.framework; name = SwiftiBricks.framework; path = "../DerivedData/Swift-Bricks/Build/Products/Debug-iphoneos/SwiftiBricks.framework"; sourceTree = "<group>"; };
		B555131019765F19001B21A1 /* StackExample.swift */ = {isa = PBXFileReference; lastKnownFileType = sourcecode.swift; path = StackExample.swift; sourceTree = "<group>"; };
		B5660F53197674C0007F3539 /* Example */ = {isa = PBXFileReference; explicitFileType = "compiled.mach-o.executable"; includeInIndex = 0; path = Example; sourceTree = BUILT_PRODUCTS_DIR; };
		B5660F55197674C0007F3539 /* main.swift */ = {isa = PBXFileReference; lastKnownFileType = sourcecode.swift; path = main.swift; sourceTree = "<group>"; };
		B5AE2E4D198BC51300EDF37D /* ListExample.swift */ = {isa = PBXFileReference; fileEncoding = 4; lastKnownFileType = sourcecode.swift; path = ListExample.swift; sourceTree = "<group>"; };
/* End PBXFileReference section */

/* Begin PBXFrameworksBuildPhase section */
		B5660F50197674C0007F3539 /* Frameworks */ = {
			isa = PBXFrameworksBuildPhase;
			buildActionMask = 2147483647;
			files = (
				B525A1B0198A923F0034796A /* SwiftiBricks.framework in Frameworks */,
			);
			runOnlyForDeploymentPostprocessing = 0;
		};
/* End PBXFrameworksBuildPhase section */

/* Begin PBXGroup section */
		B555130619765378001B21A1 = {
			isa = PBXGroup;
			children = (
				B525A1AF198A923F0034796A /* SwiftiBricks.framework */,
				B5660F54197674C0007F3539 /* Example */,
				B5660F53197674C0007F3539 /* Example */,
			);
			sourceTree = "<group>";
		};
		B5660F54197674C0007F3539 /* Example */ = {
			isa = PBXGroup;
			children = (
				B555131019765F19001B21A1 /* StackExample.swift */,
				B5AE2E4D198BC51300EDF37D /* ListExample.swift */,
				B5660F55197674C0007F3539 /* main.swift */,
			);
			path = Example;
			sourceTree = "<group>";
		};
/* End PBXGroup section */

/* Begin PBXNativeTarget section */
		B5660F52197674C0007F3539 /* Example */ = {
			isa = PBXNativeTarget;
			buildConfigurationList = B5660F57197674C1007F3539 /* Build configuration list for PBXNativeTarget "Example" */;
			buildPhases = (
				B5660F4F197674C0007F3539 /* Sources */,
				B5660F50197674C0007F3539 /* Frameworks */,
				B5660F51197674C0007F3539 /* CopyFiles */,
			);
			buildRules = (
			);
			dependencies = (
			);
			name = Example;
			productName = Example;
			productReference = B5660F53197674C0007F3539 /* Example */;
			productType = "com.apple.product-type.tool";
		};
/* End PBXNativeTarget section */

/* Begin PBXProject section */
		B555130719765378001B21A1 /* Project object */ = {
			isa = PBXProject;
			attributes = {
				LastUpgradeCheck = 0600;
				TargetAttributes = {
					B5660F52197674C0007F3539 = {
						CreatedOnToolsVersion = 6.0;
					};
				};
			};
			buildConfigurationList = B555130A19765378001B21A1 /* Build configuration list for PBXProject "SwiftiBricks Example" */;
			compatibilityVersion = "Xcode 3.2";
			developmentRegion = English;
			hasScannedForEncodings = 0;
			knownRegions = (
				en,
			);
			mainGroup = B555130619765378001B21A1;
			productRefGroup = B555130619765378001B21A1;
			projectDirPath = "";
			projectRoot = "";
			targets = (
				B5660F52197674C0007F3539 /* Example */,
			);
		};
/* End PBXProject section */

/* Begin PBXSourcesBuildPhase section */
		B5660F4F197674C0007F3539 /* Sources */ = {
			isa = PBXSourcesBuildPhase;
			buildActionMask = 2147483647;
			files = (
				B5660F56197674C1007F3539 /* main.swift in Sources */,
				B5AE2E4E198BC51300EDF37D /* ListExample.swift in Sources */,
				B5660F5A1976759C007F3539 /* StackExample.swift in Sources */,
			);
			runOnlyForDeploymentPostprocessing = 0;
		};
/* End PBXSourcesBuildPhase section */

/* Begin XCBuildConfiguration section */
		B555130B19765378001B21A1 /* Debug */ = {
			isa = XCBuildConfiguration;
			buildSettings = {
			};
			name = Debug;
		};
		B555130C19765378001B21A1 /* Release */ = {
			isa = XCBuildConfiguration;
			buildSettings = {
			};
			name = Release;
		};
		B5660F58197674C1007F3539 /* Debug */ = {
			isa = XCBuildConfiguration;
			buildSettings = {
				ALWAYS_SEARCH_USER_PATHS = NO;
				CLANG_CXX_LANGUAGE_STANDARD = "gnu++0x";
				CLANG_CXX_LIBRARY = "libc++";
				CLANG_ENABLE_MODULES = YES;
				CLANG_ENABLE_OBJC_ARC = YES;
				CLANG_WARN_BOOL_CONVERSION = YES;
				CLANG_WARN_CONSTANT_CONVERSION = YES;
				CLANG_WARN_DIRECT_OBJC_ISA_USAGE = YES_ERROR;
				CLANG_WARN_EMPTY_BODY = YES;
				CLANG_WARN_ENUM_CONVERSION = YES;
				CLANG_WARN_INT_CONVERSION = YES;
				CLANG_WARN_OBJC_ROOT_CLASS = YES_ERROR;
				CLANG_WARN_UNREACHABLE_CODE = YES;
				CLANG_WARN__DUPLICATE_METHOD_MATCH = YES;
				COPY_PHASE_STRIP = NO;
				ENABLE_STRICT_OBJC_MSGSEND = YES;
				FRAMEWORK_SEARCH_PATHS = (
					"$(inherited)",
					"/Users/konstantin/My_Projects/Swift/Swifti-Bricks/DerivedData/Swift-Bricks/Build/Products/Debug-iphoneos",
					"/Users/konstantin/My_Projects/Swift/Swifti-Bricks/SwiftBricks/build/Debug",
				);
				GCC_C_LANGUAGE_STANDARD = gnu99;
				GCC_DYNAMIC_NO_PIC = NO;
				GCC_OPTIMIZATION_LEVEL = 0;
				GCC_PREPROCESSOR_DEFINITIONS = (
					"DEBUG=1",
					"$(inherited)",
				);
				GCC_SYMBOLS_PRIVATE_EXTERN = NO;
				GCC_WARN_64_TO_32_BIT_CONVERSION = YES;
				GCC_WARN_ABOUT_RETURN_TYPE = YES_ERROR;
				GCC_WARN_UNDECLARED_SELECTOR = YES;
				GCC_WARN_UNINITIALIZED_AUTOS = YES_AGGRESSIVE;
				GCC_WARN_UNUSED_FUNCTION = YES;
				GCC_WARN_UNUSED_VARIABLE = YES;
				MACOSX_DEPLOYMENT_TARGET = 10.9;
				MTL_ENABLE_DEBUG_INFO = YES;
				ONLY_ACTIVE_ARCH = YES;
				PRODUCT_NAME = "$(TARGET_NAME)";
				SDKROOT = macosx;
				SWIFT_OPTIMIZATION_LEVEL = "-Onone";
			};
			name = Debug;
		};
		B5660F59197674C1007F3539 /* Release */ = {
			isa = XCBuildConfiguration;
			buildSettings = {
				ALWAYS_SEARCH_USER_PATHS = NO;
				CLANG_CXX_LANGUAGE_STANDARD = "gnu++0x";
				CLANG_CXX_LIBRARY = "libc++";
				CLANG_ENABLE_MODULES = YES;
				CLANG_ENABLE_OBJC_ARC = YES;
				CLANG_WARN_BOOL_CONVERSION = YES;
				CLANG_WARN_CONSTANT_CONVERSION = YES;
				CLANG_WARN_DIRECT_OBJC_ISA_USAGE = YES_ERROR;
				CLANG_WARN_EMPTY_BODY = YES;
				CLANG_WARN_ENUM_CONVERSION = YES;
				CLANG_WARN_INT_CONVERSION = YES;
				CLANG_WARN_OBJC_ROOT_CLASS = YES_ERROR;
				CLANG_WARN_UNREACHABLE_CODE = YES;
				CLANG_WARN__DUPLICATE_METHOD_MATCH = YES;
				COPY_PHASE_STRIP = YES;
				DEBUG_INFORMATION_FORMAT = "dwarf-with-dsym";
				ENABLE_NS_ASSERTIONS = NO;
				ENABLE_STRICT_OBJC_MSGSEND = YES;
				FRAMEWORK_SEARCH_PATHS = (
					"$(inherited)",
					"/Users/konstantin/My_Projects/Swift/Swifti-Bricks/DerivedData/Swift-Bricks/Build/Products/Debug-iphoneos",
					"/Users/konstantin/My_Projects/Swift/Swifti-Bricks/SwiftBricks/build/Debug",
				);
				GCC_C_LANGUAGE_STANDARD = gnu99;
				GCC_WARN_64_TO_32_BIT_CONVERSION = YES;
				GCC_WARN_ABOUT_RETURN_TYPE = YES_ERROR;
				GCC_WARN_UNDECLARED_SELECTOR = YES;
				GCC_WARN_UNINITIALIZED_AUTOS = YES_AGGRESSIVE;
				GCC_WARN_UNUSED_FUNCTION = YES;
				GCC_WARN_UNUSED_VARIABLE = YES;
				MACOSX_DEPLOYMENT_TARGET = 10.9;
				MTL_ENABLE_DEBUG_INFO = NO;
				PRODUCT_NAME = "$(TARGET_NAME)";
				SDKROOT = macosx;
			};
			name = Release;
		};
/* End XCBuildConfiguration section */

/* Begin XCConfigurationList section */
		B555130A19765378001B21A1 /* Build configuration list for PBXProject "SwiftiBricks Example" */ = {
			isa = XCConfigurationList;
			buildConfigurations = (
				B555130B19765378001B21A1 /* Debug */,
				B555130C19765378001B21A1 /* Release */,
			);
			defaultConfigurationIsVisible = 0;
			defaultConfigurationName = Release;
		};
		B5660F57197674C1007F3539 /* Build configuration list for PBXNativeTarget "Example" */ = {
			isa = XCConfigurationList;
			buildConfigurations = (
				B5660F58197674C1007F3539 /* Debug */,
				B5660F59197674C1007F3539 /* Release */,
			);
			defaultConfigurationIsVisible = 0;
			defaultConfigurationName = Release;
		};
/* End XCConfigurationList section */
	};
	rootObject = B555130719765378001B21A1 /* Project object */;
}
